// !$*UTF8*$!
{
	archiveVersion = 1;
	classes = {
	};
	objectVersion = 77;
	objects = {

/* Begin PBXContainerItemProxy section */
		6DFFA60E2D811ECC006196B6 /* PBXContainerItemProxy */ = {
			isa = PBXContainerItemProxy;
			containerPortal = 6DFFA5EF2D811ECB006196B6 /* Project object */;
			proxyType = 1;
			remoteGlobalIDString = 6DFFA5F62D811ECB006196B6;
			remoteInfo = 5810_Training;
		};
		6DFFA6182D811ECC006196B6 /* PBXContainerItemProxy */ = {
			isa = PBXContainerItemProxy;
			containerPortal = 6DFFA5EF2D811ECB006196B6 /* Project object */;
			proxyType = 1;
			remoteGlobalIDString = 6DFFA5F62D811ECB006196B6;
			remoteInfo = 5810_Training;
		};
/* End PBXContainerItemProxy section */

/* Begin PBXFileReference section */
		6DFFA5F72D811ECB006196B6 /* 8510_Training.app */ = {isa = PBXFileReference; explicitFileType = wrapper.application; includeInIndex = 0; path = 8510_Training.app; sourceTree = BUILT_PRODUCTS_DIR; };
		6DFFA60D2D811ECC006196B6 /* 8510_TrainingTests.xctest */ = {isa = PBXFileReference; explicitFileType = wrapper.cfbundle; includeInIndex = 0; path = 8510_TrainingTests.xctest; sourceTree = BUILT_PRODUCTS_DIR; };
		6DFFA6172D811ECC006196B6 /* 8510_TrainingUITests.xctest */ = {isa = PBXFileReference; explicitFileType = wrapper.cfbundle; includeInIndex = 0; path = 8510_TrainingUITests.xctest; sourceTree = BUILT_PRODUCTS_DIR; };
/* End PBXFileReference section */

/* Begin PBXFileSystemSynchronizedBuildFileExceptionSet section */
		6DFFA61F2D811ECC006196B6 /* Exceptions for "8510_Training" folder in "8510_Training" target */ = {
			isa = PBXFileSystemSynchronizedBuildFileExceptionSet;
			membershipExceptions = (
				Info.plist,
			);
			target = 6DFFA5F62D811ECB006196B6 /* 8510_Training */;
		};
/* End PBXFileSystemSynchronizedBuildFileExceptionSet section */

/* Begin PBXFileSystemSynchronizedRootGroup section */
		6DB8FDC32D87A3430064A32D /* ViewModel */ = {
			isa = PBXFileSystemSynchronizedRootGroup;
			path = ViewModel;
			sourceTree = "<group>";
		};
		6DB8FDC42D87A3570064A32D /* Manager */ = {
			isa = PBXFileSystemSynchronizedRootGroup;
			path = Manager;
			sourceTree = "<group>";
		};
		6DFFA5F92D811ECB006196B6 /* 8510_Training */ = {
			isa = PBXFileSystemSynchronizedRootGroup;
			exceptions = (
				6DFFA61F2D811ECC006196B6 /* Exceptions for "8510_Training" folder in "8510_Training" target */,
			);
			path = 8510_Training;
			sourceTree = "<group>";
		};
		6DFFA6102D811ECC006196B6 /* 8510_TrainingTests */ = {
			isa = PBXFileSystemSynchronizedRootGroup;
			path = 8510_TrainingTests;
			sourceTree = "<group>";
		};
		6DFFA61A2D811ECC006196B6 /* 8510_TrainingUITests */ = {
			isa = PBXFileSystemSynchronizedRootGroup;
			path = 8510_TrainingUITests;
			sourceTree = "<group>";
		};
		6DFFA62B2D811EF7006196B6 /* View */ = {
			isa = PBXFileSystemSynchronizedRootGroup;
			path = View;
			sourceTree = "<group>";
		};
		6DFFA6332D812D5D006196B6 /* Model */ = {
			isa = PBXFileSystemSynchronizedRootGroup;
			path = Model;
			sourceTree = "<group>";
		};
/* End PBXFileSystemSynchronizedRootGroup section */

/* Begin PBXFrameworksBuildPhase section */
		6DFFA5F42D811ECB006196B6 /* Frameworks */ = {
			isa = PBXFrameworksBuildPhase;
			buildActionMask = 2147483647;
			files = (
			);
			runOnlyForDeploymentPostprocessing = 0;
		};
		6DFFA60A2D811ECC006196B6 /* Frameworks */ = {
			isa = PBXFrameworksBuildPhase;
			buildActionMask = 2147483647;
			files = (
			);
			runOnlyForDeploymentPostprocessing = 0;
		};
		6DFFA6142D811ECC006196B6 /* Frameworks */ = {
			isa = PBXFrameworksBuildPhase;
			buildActionMask = 2147483647;
			files = (
			);
			runOnlyForDeploymentPostprocessing = 0;
		};
/* End PBXFrameworksBuildPhase section */

/* Begin PBXGroup section */
		6DFFA5EE2D811ECB006196B6 = {
			isa = PBXGroup;
			children = (
				6DB8FDC42D87A3570064A32D /* Manager */,
				6DB8FDC32D87A3430064A32D /* ViewModel */,
				6DFFA6332D812D5D006196B6 /* Model */,
				6DFFA62B2D811EF7006196B6 /* View */,
				6DFFA5F92D811ECB006196B6 /* 8510_Training */,
				6DFFA6102D811ECC006196B6 /* 8510_TrainingTests */,
				6DFFA61A2D811ECC006196B6 /* 8510_TrainingUITests */,
				6DFFA5F82D811ECB006196B6 /* Products */,
			);
			sourceTree = "<group>";
		};
		6DFFA5F82D811ECB006196B6 /* Products */ = {
			isa = PBXGroup;
			children = (
				6DFFA5F72D811ECB006196B6 /* 8510_Training.app */,
				6DFFA60D2D811ECC006196B6 /* 8510_TrainingTests.xctest */,
				6DFFA6172D811ECC006196B6 /* 8510_TrainingUITests.xctest */,
			);
			name = Products;
			sourceTree = "<group>";
		};
/* End PBXGroup section */

/* Begin PBXNativeTarget section */
		6DFFA5F62D811ECB006196B6 /* 8510_Training */ = {
			isa = PBXNativeTarget;
			buildConfigurationList = 6DFFA6202D811ECC006196B6 /* Build configuration list for PBXNativeTarget "8510_Training" */;
			buildPhases = (
				6DFFA5F32D811ECB006196B6 /* Sources */,
				6DFFA5F42D811ECB006196B6 /* Frameworks */,
				6DFFA5F52D811ECB006196B6 /* Resources */,
			);
			buildRules = (
			);
			dependencies = (
			);
			fileSystemSynchronizedGroups = (
				6DB8FDC32D87A3430064A32D /* ViewModel */,
				6DB8FDC42D87A3570064A32D /* Manager */,
				6DFFA5F92D811ECB006196B6 /* 8510_Training */,
				6DFFA62B2D811EF7006196B6 /* View */,
				6DFFA6332D812D5D006196B6 /* Model */,
			);
			name = 8510_Training;
			packageProductDependencies = (
			);
			productName = 5810_Training;
			productReference = 6DFFA5F72D811ECB006196B6 /* 8510_Training.app */;
			productType = "com.apple.product-type.application";
		};
		6DFFA60C2D811ECC006196B6 /* 8510_TrainingTests */ = {
			isa = PBXNativeTarget;
			buildConfigurationList = 6DFFA6252D811ECC006196B6 /* Build configuration list for PBXNativeTarget "8510_TrainingTests" */;
			buildPhases = (
				6DFFA6092D811ECC006196B6 /* Sources */,
				6DFFA60A2D811ECC006196B6 /* Frameworks */,
				6DFFA60B2D811ECC006196B6 /* Resources */,
			);
			buildRules = (
			);
			dependencies = (
				6DFFA60F2D811ECC006196B6 /* PBXTargetDependency */,
			);
			fileSystemSynchronizedGroups = (
				6DFFA6102D811ECC006196B6 /* 8510_TrainingTests */,
			);
			name = 8510_TrainingTests;
			packageProductDependencies = (
			);
			productName = 5810_TrainingTests;
			productReference = 6DFFA60D2D811ECC006196B6 /* 8510_TrainingTests.xctest */;
			productType = "com.apple.product-type.bundle.unit-test";
		};
		6DFFA6162D811ECC006196B6 /* 8510_TrainingUITests */ = {
			isa = PBXNativeTarget;
			buildConfigurationList = 6DFFA6282D811ECC006196B6 /* Build configuration list for PBXNativeTarget "8510_TrainingUITests" */;
			buildPhases = (
				6DFFA6132D811ECC006196B6 /* Sources */,
				6DFFA6142D811ECC006196B6 /* Frameworks */,
				6DFFA6152D811ECC006196B6 /* Resources */,
			);
			buildRules = (
			);
			dependencies = (
				6DFFA6192D811ECC006196B6 /* PBXTargetDependency */,
			);
			fileSystemSynchronizedGroups = (
				6DFFA61A2D811ECC006196B6 /* 8510_TrainingUITests */,
			);
			name = 8510_TrainingUITests;
			packageProductDependencies = (
			);
			productName = 5810_TrainingUITests;
			productReference = 6DFFA6172D811ECC006196B6 /* 8510_TrainingUITests.xctest */;
			productType = "com.apple.product-type.bundle.ui-testing";
		};
/* End PBXNativeTarget section */

/* Begin PBXProject section */
		6DFFA5EF2D811ECB006196B6 /* Project object */ = {
			isa = PBXProject;
			attributes = {
				BuildIndependentTargetsInParallel = 1;
				LastSwiftUpdateCheck = 1620;
				LastUpgradeCheck = 1620;
				TargetAttributes = {
					6DFFA5F62D811ECB006196B6 = {
						CreatedOnToolsVersion = 16.2;
					};
					6DFFA60C2D811ECC006196B6 = {
						CreatedOnToolsVersion = 16.2;
						TestTargetID = 6DFFA5F62D811ECB006196B6;
					};
					6DFFA6162D811ECC006196B6 = {
						CreatedOnToolsVersion = 16.2;
						TestTargetID = 6DFFA5F62D811ECB006196B6;
					};
				};
			};
			buildConfigurationList = 6DFFA5F22D811ECB006196B6 /* Build configuration list for PBXProject "8510_Training" */;
			developmentRegion = en;
			hasScannedForEncodings = 0;
			knownRegions = (
				en,
				Base,
			);
			mainGroup = 6DFFA5EE2D811ECB006196B6;
			minimizedProjectReferenceProxies = 1;
			preferredProjectObjectVersion = 77;
			productRefGroup = 6DFFA5F82D811ECB006196B6 /* Products */;
			projectDirPath = "";
			projectRoot = "";
			targets = (
				6DFFA5F62D811ECB006196B6 /* 8510_Training */,
				6DFFA60C2D811ECC006196B6 /* 8510_TrainingTests */,
				6DFFA6162D811ECC006196B6 /* 8510_TrainingUITests */,
			);
		};
/* End PBXProject section */

/* Begin PBXResourcesBuildPhase section */
		6DFFA5F52D811ECB006196B6 /* Resources */ = {
			isa = PBXResourcesBuildPhase;
			buildActionMask = 2147483647;
			files = (
			);
			runOnlyForDeploymentPostprocessing = 0;
		};
		6DFFA60B2D811ECC006196B6 /* Resources */ = {
			isa = PBXResourcesBuildPhase;
			buildActionMask = 2147483647;
			files = (
			);
			runOnlyForDeploymentPostprocessing = 0;
		};
		6DFFA6152D811ECC006196B6 /* Resources */ = {
			isa = PBXResourcesBuildPhase;
			buildActionMask = 2147483647;
			files = (
			);
			runOnlyForDeploymentPostprocessing = 0;
		};
/* End PBXResourcesBuildPhase section */

/* Begin PBXSourcesBuildPhase section */
		6DFFA5F32D811ECB006196B6 /* Sources */ = {
			isa = PBXSourcesBuildPhase;
			buildActionMask = 2147483647;
			files = (
			);
			runOnlyForDeploymentPostprocessing = 0;
		};
		6DFFA6092D811ECC006196B6 /* Sources */ = {
			isa = PBXSourcesBuildPhase;
			buildActionMask = 2147483647;
			files = (
			);
			runOnlyForDeploymentPostprocessing = 0;
		};
		6DFFA6132D811ECC006196B6 /* Sources */ = {
			isa = PBXSourcesBuildPhase;
			buildActionMask = 2147483647;
			files = (
			);
			runOnlyForDeploymentPostprocessing = 0;
		};
/* End PBXSourcesBuildPhase section */

/* Begin PBXTargetDependency section */
		6DFFA60F2D811ECC006196B6 /* PBXTargetDependency */ = {
			isa = PBXTargetDependency;
			target = 6DFFA5F62D811ECB006196B6 /* 8510_Training */;
			targetProxy = 6DFFA60E2D811ECC006196B6 /* PBXContainerItemProxy */;
		};
		6DFFA6192D811ECC006196B6 /* PBXTargetDependency */ = {
			isa = PBXTargetDependency;
			target = 6DFFA5F62D811ECB006196B6 /* 8510_Training */;
			targetProxy = 6DFFA6182D811ECC006196B6 /* PBXContainerItemProxy */;
		};
/* End PBXTargetDependency section */

/* Begin XCBuildConfiguration section */
		6DFFA6212D811ECC006196B6 /* Debug */ = {
			isa = XCBuildConfiguration;
			buildSettings = {
				ASSETCATALOG_COMPILER_APPICON_NAME = AppIcon;
				ASSETCATALOG_COMPILER_GLOBAL_ACCENT_COLOR_NAME = AccentColor;
				CODE_SIGN_STYLE = Automatic;
				CURRENT_PROJECT_VERSION = 1;
				GENERATE_INFOPLIST_FILE = YES;
				INFOPLIST_FILE = 8510_Training/Info.plist;
				INFOPLIST_KEY_UIApplicationSupportsIndirectInputEvents = YES;
				INFOPLIST_KEY_UILaunchStoryboardName = LaunchScreen;
				INFOPLIST_KEY_UISupportedInterfaceOrientations_iPad = "UIInterfaceOrientationPortrait UIInterfaceOrientationPortraitUpsideDown UIInterfaceOrientationLandscapeLeft UIInterfaceOrientationLandscapeRight";
				INFOPLIST_KEY_UISupportedInterfaceOrientations_iPhone = "UIInterfaceOrientationPortrait UIInterfaceOrientationLandscapeLeft UIInterfaceOrientationLandscapeRight";
				LD_RUNPATH_SEARCH_PATHS = (
					"$(inherited)",
					"@executable_path/Frameworks",
				);
				MARKETING_VERSION = 1.0;
				PRODUCT_BUNDLE_IDENTIFIER = "Yao.-810-Training";
				PRODUCT_NAME = "$(TARGET_NAME)";
				SWIFT_EMIT_LOC_STRINGS = YES;
				SWIFT_VERSION = 5.0;
				TARGETED_DEVICE_FAMILY = "1,2";
			};
			name = Debug;
		};
		6DFFA6222D811ECC006196B6 /* Release */ = {
			isa = XCBuildConfiguration;
			buildSettings = {
				ASSETCATALOG_COMPILER_APPICON_NAME = AppIcon;
				ASSETCATALOG_COMPILER_GLOBAL_ACCENT_COLOR_NAME = AccentColor;
				CODE_SIGN_STYLE = Automatic;
				CURRENT_PROJECT_VERSION = 1;
				GENERATE_INFOPLIST_FILE = YES;
				INFOPLIST_FILE = 8510_Training/Info.plist;
				INFOPLIST_KEY_UIApplicationSupportsIndirectInputEvents = YES;
				INFOPLIST_KEY_UILaunchStoryboardName = LaunchScreen;
				INFOPLIST_KEY_UISupportedInterfaceOrientations_iPad = "UIInterfaceOrientationPortrait UIInterfaceOrientationPortraitUpsideDown UIInterfaceOrientationLandscapeLeft UIInterfaceOrientationLandscapeRight";
				INFOPLIST_KEY_UISupportedInterfaceOrientations_iPhone = "UIInterfaceOrientationPortrait UIInterfaceOrientationLandscapeLeft UIInterfaceOrientationLandscapeRight";
				LD_RUNPATH_SEARCH_PATHS = (
					"$(inherited)",
					"@executable_path/Frameworks",
				);
				MARKETING_VERSION = 1.0;
				PRODUCT_BUNDLE_IDENTIFIER = "Yao.-810-Training";
				PRODUCT_NAME = "$(TARGET_NAME)";
				SWIFT_EMIT_LOC_STRINGS = YES;
				SWIFT_VERSION = 5.0;
				TARGETED_DEVICE_FAMILY = "1,2";
			};
			name = Release;
		};
		6DFFA6232D811ECC006196B6 /* Debug */ = {
			isa = XCBuildConfiguration;
			buildSettings = {
				ALWAYS_SEARCH_USER_PATHS = NO;
				ASSETCATALOG_COMPILER_GENERATE_SWIFT_ASSET_SYMBOL_EXTENSIONS = YES;
				CLANG_ANALYZER_NONNULL = YES;
				CLANG_ANALYZER_NUMBER_OBJECT_CONVERSION = YES_AGGRESSIVE;
				CLANG_CXX_LANGUAGE_STANDARD = "gnu++20";
				CLANG_ENABLE_MODULES = YES;
				CLANG_ENABLE_OBJC_ARC = YES;
				CLANG_ENABLE_OBJC_WEAK = YES;
				CLANG_WARN_BLOCK_CAPTURE_AUTORELEASING = YES;
				CLANG_WARN_BOOL_CONVERSION = YES;
				CLANG_WARN_COMMA = YES;
				CLANG_WARN_CONSTANT_CONVERSION = YES;
				CLANG_WARN_DEPRECATED_OBJC_IMPLEMENTATIONS = YES;
				CLANG_WARN_DIRECT_OBJC_ISA_USAGE = YES_ERROR;
				CLANG_WARN_DOCUMENTATION_COMMENTS = YES;
				CLANG_WARN_EMPTY_BODY = YES;
				CLANG_WARN_ENUM_CONVERSION = YES;
				CLANG_WARN_INFINITE_RECURSION = YES;
				CLANG_WARN_INT_CONVERSION = YES;
				CLANG_WARN_NON_LITERAL_NULL_CONVERSION = YES;
				CLANG_WARN_OBJC_IMPLICIT_RETAIN_SELF = YES;
				CLANG_WARN_OBJC_LITERAL_CONVERSION = YES;
				CLANG_WARN_OBJC_ROOT_CLASS = YES_ERROR;
				CLANG_WARN_QUOTED_INCLUDE_IN_FRAMEWORK_HEADER = YES;
				CLANG_WARN_RANGE_LOOP_ANALYSIS = YES;
				CLANG_WARN_STRICT_PROTOTYPES = YES;
				CLANG_WARN_SUSPICIOUS_MOVE = YES;
				CLANG_WARN_UNGUARDED_AVAILABILITY = YES_AGGRESSIVE;
				CLANG_WARN_UNREACHABLE_CODE = YES;
				CLANG_WARN__DUPLICATE_METHOD_MATCH = YES;
				COPY_PHASE_STRIP = NO;
				DEBUG_INFORMATION_FORMAT = dwarf;
				ENABLE_STRICT_OBJC_MSGSEND = YES;
				ENABLE_TESTABILITY = YES;
				ENABLE_USER_SCRIPT_SANDBOXING = YES;
				GCC_C_LANGUAGE_STANDARD = gnu17;
				GCC_DYNAMIC_NO_PIC = NO;
				GCC_NO_COMMON_BLOCKS = YES;
				GCC_OPTIMIZATION_LEVEL = 0;
				GCC_PREPROCESSOR_DEFINITIONS = (
					"DEBUG=1",
					"$(inherited)",
				);
				GCC_WARN_64_TO_32_BIT_CONVERSION = YES;
				GCC_WARN_ABOUT_RETURN_TYPE = YES_ERROR;
				GCC_WARN_UNDECLARED_SELECTOR = YES;
				GCC_WARN_UNINITIALIZED_AUTOS = YES_AGGRESSIVE;
				GCC_WARN_UNUSED_FUNCTION = YES;
				GCC_WARN_UNUSED_VARIABLE = YES;
				IPHONEOS_DEPLOYMENT_TARGET = 18.2;
				LOCALIZATION_PREFERS_STRING_CATALOGS = YES;
				MTL_ENABLE_DEBUG_INFO = INCLUDE_SOURCE;
				MTL_FAST_MATH = YES;
				ONLY_ACTIVE_ARCH = YES;
				SDKROOT = iphoneos;
				SWIFT_ACTIVE_COMPILATION_CONDITIONS = "DEBUG $(inherited)";
				SWIFT_OPTIMIZATION_LEVEL = "-Onone";
			};
			name = Debug;
		};
		6DFFA6242D811ECC006196B6 /* Release */ = {
			isa = XCBuildConfiguration;
			buildSettings = {
				ALWAYS_SEARCH_USER_PATHS = NO;
				ASSETCATALOG_COMPILER_GENERATE_SWIFT_ASSET_SYMBOL_EXTENSIONS = YES;
				CLANG_ANALYZER_NONNULL = YES;
				CLANG_ANALYZER_NUMBER_OBJECT_CONVERSION = YES_AGGRESSIVE;
				CLANG_CXX_LANGUAGE_STANDARD = "gnu++20";
				CLANG_ENABLE_MODULES = YES;
				CLANG_ENABLE_OBJC_ARC = YES;
				CLANG_ENABLE_OBJC_WEAK = YES;
				CLANG_WARN_BLOCK_CAPTURE_AUTORELEASING = YES;
				CLANG_WARN_BOOL_CONVERSION = YES;
				CLANG_WARN_COMMA = YES;
				CLANG_WARN_CONSTANT_CONVERSION = YES;
				CLANG_WARN_DEPRECATED_OBJC_IMPLEMENTATIONS = YES;
				CLANG_WARN_DIRECT_OBJC_ISA_USAGE = YES_ERROR;
				CLANG_WARN_DOCUMENTATION_COMMENTS = YES;
				CLANG_WARN_EMPTY_BODY = YES;
				CLANG_WARN_ENUM_CONVERSION = YES;
				CLANG_WARN_INFINITE_RECURSION = YES;
				CLANG_WARN_INT_CONVERSION = YES;
				CLANG_WARN_NON_LITERAL_NULL_CONVERSION = YES;
				CLANG_WARN_OBJC_IMPLICIT_RETAIN_SELF = YES;
				CLANG_WARN_OBJC_LITERAL_CONVERSION = YES;
				CLANG_WARN_OBJC_ROOT_CLASS = YES_ERROR;
				CLANG_WARN_QUOTED_INCLUDE_IN_FRAMEWORK_HEADER = YES;
				CLANG_WARN_RANGE_LOOP_ANALYSIS = YES;
				CLANG_WARN_STRICT_PROTOTYPES = YES;
				CLANG_WARN_SUSPICIOUS_MOVE = YES;
				CLANG_WARN_UNGUARDED_AVAILABILITY = YES_AGGRESSIVE;
				CLANG_WARN_UNREACHABLE_CODE = YES;
				CLANG_WARN__DUPLICATE_METHOD_MATCH = YES;
				COPY_PHASE_STRIP = NO;
				DEBUG_INFORMATION_FORMAT = "dwarf-with-dsym";
				ENABLE_NS_ASSERTIONS = NO;
				ENABLE_STRICT_OBJC_MSGSEND = YES;
				ENABLE_USER_SCRIPT_SANDBOXING = YES;
				GCC_C_LANGUAGE_STANDARD = gnu17;
				GCC_NO_COMMON_BLOCKS = YES;
				GCC_WARN_64_TO_32_BIT_CONVERSION = YES;
				GCC_WARN_ABOUT_RETURN_TYPE = YES_ERROR;
				GCC_WARN_UNDECLARED_SELECTOR = YES;
				GCC_WARN_UNINITIALIZED_AUTOS = YES_AGGRESSIVE;
				GCC_WARN_UNUSED_FUNCTION = YES;
				GCC_WARN_UNUSED_VARIABLE = YES;
				IPHONEOS_DEPLOYMENT_TARGET = 18.2;
				LOCALIZATION_PREFERS_STRING_CATALOGS = YES;
				MTL_ENABLE_DEBUG_INFO = NO;
				MTL_FAST_MATH = YES;
				SDKROOT = iphoneos;
				SWIFT_COMPILATION_MODE = wholemodule;
				VALIDATE_PRODUCT = YES;
			};
			name = Release;
		};
		6DFFA6262D811ECC006196B6 /* Debug */ = {
			isa = XCBuildConfiguration;
			buildSettings = {
				BUNDLE_LOADER = "$(TEST_HOST)";
				CODE_SIGN_STYLE = Automatic;
				CURRENT_PROJECT_VERSION = 1;
				GENERATE_INFOPLIST_FILE = YES;
				IPHONEOS_DEPLOYMENT_TARGET = 18.2;
				MARKETING_VERSION = 1.0;
				PRODUCT_BUNDLE_IDENTIFIER = "Yao.-810-TrainingTests";
				PRODUCT_NAME = "$(TARGET_NAME)";
				SWIFT_EMIT_LOC_STRINGS = NO;
				SWIFT_VERSION = 5.0;
				TARGETED_DEVICE_FAMILY = "1,2";
				TEST_HOST = "$(BUILT_PRODUCTS_DIR)/8510_Training.app/$(BUNDLE_EXECUTABLE_FOLDER_PATH)/8510_Training";
			};
			name = Debug;
		};
		6DFFA6272D811ECC006196B6 /* Release */ = {
			isa = XCBuildConfiguration;
			buildSettings = {
				BUNDLE_LOADER = "$(TEST_HOST)";
				CODE_SIGN_STYLE = Automatic;
				CURRENT_PROJECT_VERSION = 1;
				GENERATE_INFOPLIST_FILE = YES;
				IPHONEOS_DEPLOYMENT_TARGET = 18.2;
				MARKETING_VERSION = 1.0;
				PRODUCT_BUNDLE_IDENTIFIER = "Yao.-810-TrainingTests";
				PRODUCT_NAME = "$(TARGET_NAME)";
				SWIFT_EMIT_LOC_STRINGS = NO;
				SWIFT_VERSION = 5.0;
				TARGETED_DEVICE_FAMILY = "1,2";
				TEST_HOST = "$(BUILT_PRODUCTS_DIR)/8510_Training.app/$(BUNDLE_EXECUTABLE_FOLDER_PATH)/8510_Training";
			};
			name = Release;
		};
		6DFFA6292D811ECC006196B6 /* Debug */ = {
			isa = XCBuildConfiguration;
			buildSettings = {
				CODE_SIGN_STYLE = Automatic;
				CURRENT_PROJECT_VERSION = 1;
				GENERATE_INFOPLIST_FILE = YES;
				MARKETING_VERSION = 1.0;
				PRODUCT_BUNDLE_IDENTIFIER = "Yao.-810-TrainingUITests";
				PRODUCT_NAME = "$(TARGET_NAME)";
				SWIFT_EMIT_LOC_STRINGS = NO;
				SWIFT_VERSION = 5.0;
				TARGETED_DEVICE_FAMILY = "1,2";
				TEST_TARGET_NAME = 5810_Training;
			};
			name = Debug;
		};
		6DFFA62A2D811ECC006196B6 /* Release */ = {
			isa = XCBuildConfiguration;
			buildSettings = {
				CODE_SIGN_STYLE = Automatic;
				CURRENT_PROJECT_VERSION = 1;
				GENERATE_INFOPLIST_FILE = YES;
				MARKETING_VERSION = 1.0;
				PRODUCT_BUNDLE_IDENTIFIER = "Yao.-810-TrainingUITests";
				PRODUCT_NAME = "$(TARGET_NAME)";
				SWIFT_EMIT_LOC_STRINGS = NO;
				SWIFT_VERSION = 5.0;
				TARGETED_DEVICE_FAMILY = "1,2";
				TEST_TARGET_NAME = 5810_Training;
			};
			name = Release;
		};
/* End XCBuildConfiguration section */

/* Begin XCConfigurationList section */
		6DFFA5F22D811ECB006196B6 /* Build configuration list for PBXProject "8510_Training" */ = {
			isa = XCConfigurationList;
			buildConfigurations = (
				6DFFA6232D811ECC006196B6 /* Debug */,
				6DFFA6242D811ECC006196B6 /* Release */,
			);
			defaultConfigurationIsVisible = 0;
			defaultConfigurationName = Release;
		};
		6DFFA6202D811ECC006196B6 /* Build configuration list for PBXNativeTarget "8510_Training" */ = {
			isa = XCConfigurationList;
			buildConfigurations = (
				6DFFA6212D811ECC006196B6 /* Debug */,
				6DFFA6222D811ECC006196B6 /* Release */,
			);
			defaultConfigurationIsVisible = 0;
			defaultConfigurationName = Release;
		};
		6DFFA6252D811ECC006196B6 /* Build configuration list for PBXNativeTarget "8510_TrainingTests" */ = {
			isa = XCConfigurationList;
			buildConfigurations = (
				6DFFA6262D811ECC006196B6 /* Debug */,
				6DFFA6272D811ECC006196B6 /* Release */,
			);
			defaultConfigurationIsVisible = 0;
			defaultConfigurationName = Release;
		};
		6DFFA6282D811ECC006196B6 /* Build configuration list for PBXNativeTarget "8510_TrainingUITests" */ = {
			isa = XCConfigurationList;
			buildConfigurations = (
				6DFFA6292D811ECC006196B6 /* Debug */,
				6DFFA62A2D811ECC006196B6 /* Release */,
			);
			defaultConfigurationIsVisible = 0;
			defaultConfigurationName = Release;
		};
/* End XCConfigurationList section */
	};
	rootObject = 6DFFA5EF2D811ECB006196B6 /* Project object */;
}
