// !$*UTF8*$!
{
	archiveVersion = 1;
	classes = {
	};
	objectVersion = 77;
	objects = {

/* Begin PBXBuildFile section */
		6DA4B2282DA3A522006E36AA /* FilterViewController.xib in Resources */ = {isa = PBXBuildFile; fileRef = 6DA4B2272DA3A522006E36AA /* FilterViewController.xib */; };
		6DA4B2292DA3A522006E36AA /* FilterViewController.swift in Sources */ = {isa = PBXBuildFile; fileRef = 6DA4B2262DA3A522006E36AA /* FilterViewController.swift */; };
		6DA4B40F2DA3C532006E36AA /* TrainTableViewCell.swift in Sources */ = {isa = PBXBuildFile; fileRef = 6DA4B40D2DA3C532006E36AA /* TrainTableViewCell.swift */; };
		6DA4B4102DA3C532006E36AA /* TrainTableViewCell.xib in Resources */ = {isa = PBXBuildFile; fileRef = 6DA4B40E2DA3C532006E36AA /* TrainTableViewCell.xib */; };
		6DA4B4132DA3C549006E36AA /* PriceTableViewCell.xib in Resources */ = {isa = PBXBuildFile; fileRef = 6DA4B4122DA3C549006E36AA /* PriceTableViewCell.xib */; };
		6DA4B4142DA3C549006E36AA /* PriceTableViewCell.swift in Sources */ = {isa = PBXBuildFile; fileRef = 6DA4B4112DA3C549006E36AA /* PriceTableViewCell.swift */; };
		6DA8F0C32D9BA2C500C92B89 /* HotelAPIManager.swift in Sources */ = {isa = PBXBuildFile; fileRef = 6DA8F0C22D9BA2C500C92B89 /* HotelAPIManager.swift */; };
		6DA8F0C52D9BA31500C92B89 /* Hotel.swift in Sources */ = {isa = PBXBuildFile; fileRef = 6DA8F0C42D9BA31500C92B89 /* Hotel.swift */; };
		6DA8F0C72D9BA33700C92B89 /* HotelList.json in Resources */ = {isa = PBXBuildFile; fileRef = 6DA8F0C62D9BA33700C92B89 /* HotelList.json */; };
		6DA8F0CA2D9BBBA900C92B89 /* HotelSearchViewController.xib in Resources */ = {isa = PBXBuildFile; fileRef = 6DA8F0C92D9BBBA900C92B89 /* HotelSearchViewController.xib */; };
		6DA8F0CB2D9BBBA900C92B89 /* HotelSearchViewController.swift in Sources */ = {isa = PBXBuildFile; fileRef = 6DA8F0C82D9BBBA900C92B89 /* HotelSearchViewController.swift */; };
		6DA8F0CD2D9BBBBD00C92B89 /* HotelSearchViewModel.swift in Sources */ = {isa = PBXBuildFile; fileRef = 6DA8F0CC2D9BBBBD00C92B89 /* HotelSearchViewModel.swift */; };
		6DA8F0D02D9BC44D00C92B89 /* HotelSearchTableViewCell.xib in Resources */ = {isa = PBXBuildFile; fileRef = 6DA8F0CF2D9BC44D00C92B89 /* HotelSearchTableViewCell.xib */; };
		6DA8F0D12D9BC44D00C92B89 /* HotelSearchTableViewCell.swift in Sources */ = {isa = PBXBuildFile; fileRef = 6DA8F0CE2D9BC44D00C92B89 /* HotelSearchTableViewCell.swift */; };
		6DA8F0D32D9BC71D00C92B89 /* HotView.swift in Sources */ = {isa = PBXBuildFile; fileRef = 6DA8F0D22D9BC71D00C92B89 /* HotView.swift */; };
		6DA8F0D52D9BC72A00C92B89 /* HotView.xib in Resources */ = {isa = PBXBuildFile; fileRef = 6DA8F0D42D9BC72A00C92B89 /* HotView.xib */; };
		6DA9B85D2DAC8D0600D19E84 /* SortMenuView.swift in Sources */ = {isa = PBXBuildFile; fileRef = 6DA9B85C2DAC8D0600D19E84 /* SortMenuView.swift */; };
		6DA9B85F2DAC8D1400D19E84 /* SortMenuView.xib in Resources */ = {isa = PBXBuildFile; fileRef = 6DA9B85E2DAC8D1400D19E84 /* SortMenuView.xib */; };
		6DA9B8612DAC9AFC00D19E84 /* SortMenuViewModel.swift in Sources */ = {isa = PBXBuildFile; fileRef = 6DA9B8602DAC9AFC00D19E84 /* SortMenuViewModel.swift */; };
		6DBD045F2DA662D700191CCA /* FilterViewModel.swift in Sources */ = {isa = PBXBuildFile; fileRef = 6DBD045E2DA662D700191CCA /* FilterViewModel.swift */; };
		6DC05E1F2DA745BC00335C63 /* TrainView.swift in Sources */ = {isa = PBXBuildFile; fileRef = 6DC05E1E2DA745BC00335C63 /* TrainView.swift */; };
		6DC05E212DA745C900335C63 /* TrainView.xib in Resources */ = {isa = PBXBuildFile; fileRef = 6DC05E202DA745C900335C63 /* TrainView.xib */; };
		6DC05E242DA766C200335C63 /* SearchResultViewCell.xib in Resources */ = {isa = PBXBuildFile; fileRef = 6DC05E232DA766C200335C63 /* SearchResultViewCell.xib */; };
		6DC05E252DA766C200335C63 /* SearchResultViewCell.swift in Sources */ = {isa = PBXBuildFile; fileRef = 6DC05E222DA766C200335C63 /* SearchResultViewCell.swift */; };
		6DC05E272DA7776600335C63 /* TrainViewModel.swift in Sources */ = {isa = PBXBuildFile; fileRef = 6DC05E262DA7776600335C63 /* TrainViewModel.swift */; };
		6DCE19182DA8991F00468C64 /* SelectSortedView.swift in Sources */ = {isa = PBXBuildFile; fileRef = 6DCE19172DA8991F00468C64 /* SelectSortedView.swift */; };
		6DCE191A2DA8992B00468C64 /* SelectSortedView.xib in Resources */ = {isa = PBXBuildFile; fileRef = 6DCE19192DA8992B00468C64 /* SelectSortedView.xib */; };
		6DCE191E2DA8AC5B00468C64 /* Decimal+.swift in Sources */ = {isa = PBXBuildFile; fileRef = 6DCE191D2DA8AC5B00468C64 /* Decimal+.swift */; };
		6DD7AC902D9CC27700D28A54 /* OverAllView.swift in Sources */ = {isa = PBXBuildFile; fileRef = 6DD7AC8F2D9CC27700D28A54 /* OverAllView.swift */; };
		6DD7AC922D9CC35E00D28A54 /* OverAllView.xib in Resources */ = {isa = PBXBuildFile; fileRef = 6DD7AC912D9CC35E00D28A54 /* OverAllView.xib */; };
		6DD7AC942D9CCCBB00D28A54 /* MemberView.swift in Sources */ = {isa = PBXBuildFile; fileRef = 6DD7AC932D9CCCBB00D28A54 /* MemberView.swift */; };
		6DD7AC962D9CCCD200D28A54 /* MemberView.xib in Resources */ = {isa = PBXBuildFile; fileRef = 6DD7AC952D9CCCD200D28A54 /* MemberView.xib */; };
		6DD7AC9E2D9CECE500D28A54 /* StarView.swift in Sources */ = {isa = PBXBuildFile; fileRef = 6DD7AC9D2D9CECE500D28A54 /* StarView.swift */; };
		6DD7ACA02D9CEF1C00D28A54 /* StarView.xib in Resources */ = {isa = PBXBuildFile; fileRef = 6DD7AC9F2D9CEF1C00D28A54 /* StarView.xib */; };
		6DEE05FD2DA4C524007BC426 /* DoubleSliderView.swift in Sources */ = {isa = PBXBuildFile; fileRef = 6DEE05FC2DA4C524007BC426 /* DoubleSliderView.swift */; };
		6DEE05FF2DA4C533007BC426 /* DoubleSliderView.xib in Resources */ = {isa = PBXBuildFile; fileRef = 6DEE05FE2DA4C533007BC426 /* DoubleSliderView.xib */; };
/* End PBXBuildFile section */

/* Begin PBXContainerItemProxy section */
		6DFFA60E2D811ECC006196B6 /* PBXContainerItemProxy */ = {
			isa = PBXContainerItemProxy;
			containerPortal = 6DFFA5EF2D811ECB006196B6 /* Project object */;
			proxyType = 1;
			remoteGlobalIDString = 6DFFA5F62D811ECB006196B6;
			remoteInfo = 5810_Training;
		};
		6DFFA6182D811ECC006196B6 /* PBXContainerItemProxy */ = {
			isa = PBXContainerItemProxy;
			containerPortal = 6DFFA5EF2D811ECB006196B6 /* Project object */;
			proxyType = 1;
			remoteGlobalIDString = 6DFFA5F62D811ECB006196B6;
			remoteInfo = 5810_Training;
		};
/* End PBXContainerItemProxy section */

/* Begin PBXFileReference section */
		6DA4B2262DA3A522006E36AA /* FilterViewController.swift */ = {isa = PBXFileReference; lastKnownFileType = sourcecode.swift; path = FilterViewController.swift; sourceTree = "<group>"; };
		6DA4B2272DA3A522006E36AA /* FilterViewController.xib */ = {isa = PBXFileReference; lastKnownFileType = file.xib; path = FilterViewController.xib; sourceTree = "<group>"; };
		6DA4B40D2DA3C532006E36AA /* TrainTableViewCell.swift */ = {isa = PBXFileReference; lastKnownFileType = sourcecode.swift; path = TrainTableViewCell.swift; sourceTree = "<group>"; };
		6DA4B40E2DA3C532006E36AA /* TrainTableViewCell.xib */ = {isa = PBXFileReference; lastKnownFileType = file.xib; path = TrainTableViewCell.xib; sourceTree = "<group>"; };
		6DA4B4112DA3C549006E36AA /* PriceTableViewCell.swift */ = {isa = PBXFileReference; lastKnownFileType = sourcecode.swift; path = PriceTableViewCell.swift; sourceTree = "<group>"; };
		6DA4B4122DA3C549006E36AA /* PriceTableViewCell.xib */ = {isa = PBXFileReference; lastKnownFileType = file.xib; path = PriceTableViewCell.xib; sourceTree = "<group>"; };
		6DA8F0C22D9BA2C500C92B89 /* HotelAPIManager.swift */ = {isa = PBXFileReference; lastKnownFileType = sourcecode.swift; path = HotelAPIManager.swift; sourceTree = "<group>"; };
		6DA8F0C42D9BA31500C92B89 /* Hotel.swift */ = {isa = PBXFileReference; lastKnownFileType = sourcecode.swift; path = Hotel.swift; sourceTree = "<group>"; };
		6DA8F0C62D9BA33700C92B89 /* HotelList.json */ = {isa = PBXFileReference; lastKnownFileType = text.json; path = HotelList.json; sourceTree = "<group>"; };
		6DA8F0C82D9BBBA900C92B89 /* HotelSearchViewController.swift */ = {isa = PBXFileReference; lastKnownFileType = sourcecode.swift; path = HotelSearchViewController.swift; sourceTree = "<group>"; };
		6DA8F0C92D9BBBA900C92B89 /* HotelSearchViewController.xib */ = {isa = PBXFileReference; lastKnownFileType = file.xib; path = HotelSearchViewController.xib; sourceTree = "<group>"; };
		6DA8F0CC2D9BBBBD00C92B89 /* HotelSearchViewModel.swift */ = {isa = PBXFileReference; lastKnownFileType = sourcecode.swift; path = HotelSearchViewModel.swift; sourceTree = "<group>"; };
		6DA8F0CE2D9BC44D00C92B89 /* HotelSearchTableViewCell.swift */ = {isa = PBXFileReference; lastKnownFileType = sourcecode.swift; path = HotelSearchTableViewCell.swift; sourceTree = "<group>"; };
		6DA8F0CF2D9BC44D00C92B89 /* HotelSearchTableViewCell.xib */ = {isa = PBXFileReference; lastKnownFileType = file.xib; path = HotelSearchTableViewCell.xib; sourceTree = "<group>"; };
		6DA8F0D22D9BC71D00C92B89 /* HotView.swift */ = {isa = PBXFileReference; lastKnownFileType = sourcecode.swift; path = HotView.swift; sourceTree = "<group>"; };
		6DA8F0D42D9BC72A00C92B89 /* HotView.xib */ = {isa = PBXFileReference; lastKnownFileType = file.xib; path = HotView.xib; sourceTree = "<group>"; };
		6DA9B85C2DAC8D0600D19E84 /* SortMenuView.swift */ = {isa = PBXFileReference; lastKnownFileType = sourcecode.swift; path = SortMenuView.swift; sourceTree = "<group>"; };
		6DA9B85E2DAC8D1400D19E84 /* SortMenuView.xib */ = {isa = PBXFileReference; lastKnownFileType = file.xib; path = SortMenuView.xib; sourceTree = "<group>"; };
		6DA9B8602DAC9AFC00D19E84 /* SortMenuViewModel.swift */ = {isa = PBXFileReference; lastKnownFileType = sourcecode.swift; path = SortMenuViewModel.swift; sourceTree = "<group>"; };
		6DBD045E2DA662D700191CCA /* FilterViewModel.swift */ = {isa = PBXFileReference; lastKnownFileType = sourcecode.swift; path = FilterViewModel.swift; sourceTree = "<group>"; };
		6DC05E1E2DA745BC00335C63 /* TrainView.swift */ = {isa = PBXFileReference; lastKnownFileType = sourcecode.swift; path = TrainView.swift; sourceTree = "<group>"; };
		6DC05E202DA745C900335C63 /* TrainView.xib */ = {isa = PBXFileReference; lastKnownFileType = file.xib; path = TrainView.xib; sourceTree = "<group>"; };
		6DC05E222DA766C200335C63 /* SearchResultViewCell.swift */ = {isa = PBXFileReference; lastKnownFileType = sourcecode.swift; path = SearchResultViewCell.swift; sourceTree = "<group>"; };
		6DC05E232DA766C200335C63 /* SearchResultViewCell.xib */ = {isa = PBXFileReference; lastKnownFileType = file.xib; path = SearchResultViewCell.xib; sourceTree = "<group>"; };
		6DC05E262DA7776600335C63 /* TrainViewModel.swift */ = {isa = PBXFileReference; lastKnownFileType = sourcecode.swift; path = TrainViewModel.swift; sourceTree = "<group>"; };
		6DCE19172DA8991F00468C64 /* SelectSortedView.swift */ = {isa = PBXFileReference; lastKnownFileType = sourcecode.swift; path = SelectSortedView.swift; sourceTree = "<group>"; };
		6DCE19192DA8992B00468C64 /* SelectSortedView.xib */ = {isa = PBXFileReference; lastKnownFileType = file.xib; path = SelectSortedView.xib; sourceTree = "<group>"; };
		6DCE191D2DA8AC5B00468C64 /* Decimal+.swift */ = {isa = PBXFileReference; lastKnownFileType = sourcecode.swift; path = "Decimal+.swift"; sourceTree = "<group>"; };
		6DD7AC8F2D9CC27700D28A54 /* OverAllView.swift */ = {isa = PBXFileReference; lastKnownFileType = sourcecode.swift; path = OverAllView.swift; sourceTree = "<group>"; };
		6DD7AC912D9CC35E00D28A54 /* OverAllView.xib */ = {isa = PBXFileReference; lastKnownFileType = file.xib; path = OverAllView.xib; sourceTree = "<group>"; };
		6DD7AC932D9CCCBB00D28A54 /* MemberView.swift */ = {isa = PBXFileReference; lastKnownFileType = sourcecode.swift; path = MemberView.swift; sourceTree = "<group>"; };
		6DD7AC952D9CCCD200D28A54 /* MemberView.xib */ = {isa = PBXFileReference; lastKnownFileType = file.xib; path = MemberView.xib; sourceTree = "<group>"; };
		6DD7AC9D2D9CECE500D28A54 /* StarView.swift */ = {isa = PBXFileReference; lastKnownFileType = sourcecode.swift; path = StarView.swift; sourceTree = "<group>"; };
		6DD7AC9F2D9CEF1C00D28A54 /* StarView.xib */ = {isa = PBXFileReference; lastKnownFileType = file.xib; path = StarView.xib; sourceTree = "<group>"; };
		6DEE05FC2DA4C524007BC426 /* DoubleSliderView.swift */ = {isa = PBXFileReference; lastKnownFileType = sourcecode.swift; path = DoubleSliderView.swift; sourceTree = "<group>"; };
		6DEE05FE2DA4C533007BC426 /* DoubleSliderView.xib */ = {isa = PBXFileReference; lastKnownFileType = file.xib; path = DoubleSliderView.xib; sourceTree = "<group>"; };
		6DFFA5F72D811ECB006196B6 /* 8510_Training.app */ = {isa = PBXFileReference; explicitFileType = wrapper.application; includeInIndex = 0; path = 8510_Training.app; sourceTree = BUILT_PRODUCTS_DIR; };
		6DFFA60D2D811ECC006196B6 /* 8510_TrainingTests.xctest */ = {isa = PBXFileReference; explicitFileType = wrapper.cfbundle; includeInIndex = 0; path = 8510_TrainingTests.xctest; sourceTree = BUILT_PRODUCTS_DIR; };
		6DFFA6172D811ECC006196B6 /* 8510_TrainingUITests.xctest */ = {isa = PBXFileReference; explicitFileType = wrapper.cfbundle; includeInIndex = 0; path = 8510_TrainingUITests.xctest; sourceTree = BUILT_PRODUCTS_DIR; };
/* End PBXFileReference section */

/* Begin PBXFileSystemSynchronizedBuildFileExceptionSet section */
		6DFFA61F2D811ECC006196B6 /* Exceptions for "8510_Training" folder in "8510_Training" target */ = {
			isa = PBXFileSystemSynchronizedBuildFileExceptionSet;
			membershipExceptions = (
				Info.plist,
			);
			target = 6DFFA5F62D811ECB006196B6 /* 8510_Training */;
		};
/* End PBXFileSystemSynchronizedBuildFileExceptionSet section */

/* Begin PBXFileSystemSynchronizedRootGroup section */
		6D2CEE1A2D94000600884A2E /* Booking */ = {
			isa = PBXFileSystemSynchronizedRootGroup;
			path = Booking;
			sourceTree = "<group>";
		};
		6D2CEE3A2D94006100884A2E /* Chat */ = {
			isa = PBXFileSystemSynchronizedRootGroup;
			path = Chat;
			sourceTree = "<group>";
		};
		6D2CEE4B2D94013600884A2E /* Login */ = {
			isa = PBXFileSystemSynchronizedRootGroup;
			path = Login;
			sourceTree = "<group>";
		};
		6D2CEE582D9401AC00884A2E /* Register */ = {
			isa = PBXFileSystemSynchronizedRootGroup;
			path = Register;
			sourceTree = "<group>";
		};
		6D2CEE6C2D9401EF00884A2E /* City */ = {
			isa = PBXFileSystemSynchronizedRootGroup;
			path = City;
			sourceTree = "<group>";
		};
		6DFFA5F92D811ECB006196B6 /* 8510_Training */ = {
			isa = PBXFileSystemSynchronizedRootGroup;
			exceptions = (
				6DFFA61F2D811ECC006196B6 /* Exceptions for "8510_Training" folder in "8510_Training" target */,
			);
			path = 8510_Training;
			sourceTree = "<group>";
		};
		6DFFA6102D811ECC006196B6 /* 8510_TrainingTests */ = {
			isa = PBXFileSystemSynchronizedRootGroup;
			path = 8510_TrainingTests;
			sourceTree = "<group>";
		};
		6DFFA61A2D811ECC006196B6 /* 8510_TrainingUITests */ = {
			isa = PBXFileSystemSynchronizedRootGroup;
			path = 8510_TrainingUITests;
			sourceTree = "<group>";
		};
/* End PBXFileSystemSynchronizedRootGroup section */

/* Begin PBXFrameworksBuildPhase section */
		6DFFA5F42D811ECB006196B6 /* Frameworks */ = {
			isa = PBXFrameworksBuildPhase;
			buildActionMask = 2147483647;
			files = (
			);
			runOnlyForDeploymentPostprocessing = 0;
		};
		6DFFA60A2D811ECC006196B6 /* Frameworks */ = {
			isa = PBXFrameworksBuildPhase;
			buildActionMask = 2147483647;
			files = (
			);
			runOnlyForDeploymentPostprocessing = 0;
		};
		6DFFA6142D811ECC006196B6 /* Frameworks */ = {
			isa = PBXFrameworksBuildPhase;
			buildActionMask = 2147483647;
			files = (
			);
			runOnlyForDeploymentPostprocessing = 0;
		};
/* End PBXFrameworksBuildPhase section */

/* Begin PBXGroup section */
		6D9B0F122D896756006B6307 /* TrainingFeature */ = {
			isa = PBXGroup;
			children = (
				6DA8F0BD2D9BA24700C92B89 /* Hotel */,
				6D2CEE1A2D94000600884A2E /* Booking */,
				6D2CEE3A2D94006100884A2E /* Chat */,
				6D2CEE4B2D94013600884A2E /* Login */,
				6D2CEE582D9401AC00884A2E /* Register */,
				6D2CEE6C2D9401EF00884A2E /* City */,
			);
			path = TrainingFeature;
			sourceTree = "<group>";
		};
		6DA4B2242DA3A4C1006E36AA /* UIView */ = {
			isa = PBXGroup;
			children = (
				6DA8F0D22D9BC71D00C92B89 /* HotView.swift */,
				6DA8F0D42D9BC72A00C92B89 /* HotView.xib */,
				6DD7AC8F2D9CC27700D28A54 /* OverAllView.swift */,
				6DD7AC912D9CC35E00D28A54 /* OverAllView.xib */,
				6DD7AC932D9CCCBB00D28A54 /* MemberView.swift */,
				6DD7AC952D9CCCD200D28A54 /* MemberView.xib */,
				6DD7AC9D2D9CECE500D28A54 /* StarView.swift */,
				6DD7AC9F2D9CEF1C00D28A54 /* StarView.xib */,
				6DEE05FC2DA4C524007BC426 /* DoubleSliderView.swift */,
				6DEE05FE2DA4C533007BC426 /* DoubleSliderView.xib */,
				6DC05E1E2DA745BC00335C63 /* TrainView.swift */,
				6DC05E202DA745C900335C63 /* TrainView.xib */,
				6DCE19172DA8991F00468C64 /* SelectSortedView.swift */,
				6DCE19192DA8992B00468C64 /* SelectSortedView.xib */,
				6DA9B85C2DAC8D0600D19E84 /* SortMenuView.swift */,
				6DA9B85E2DAC8D1400D19E84 /* SortMenuView.xib */,
			);
			path = UIView;
			sourceTree = "<group>";
		};
		6DA4B2252DA3A4DD006E36AA /* Cell */ = {
			isa = PBXGroup;
			children = (
				6DA8F0CE2D9BC44D00C92B89 /* HotelSearchTableViewCell.swift */,
				6DA8F0CF2D9BC44D00C92B89 /* HotelSearchTableViewCell.xib */,
				6DA4B40D2DA3C532006E36AA /* TrainTableViewCell.swift */,
				6DA4B40E2DA3C532006E36AA /* TrainTableViewCell.xib */,
				6DA4B4112DA3C549006E36AA /* PriceTableViewCell.swift */,
				6DA4B4122DA3C549006E36AA /* PriceTableViewCell.xib */,
				6DC05E222DA766C200335C63 /* SearchResultViewCell.swift */,
				6DC05E232DA766C200335C63 /* SearchResultViewCell.xib */,
			);
			path = Cell;
			sourceTree = "<group>";
		};
		6DA8F0BD2D9BA24700C92B89 /* Hotel */ = {
			isa = PBXGroup;
			children = (
				6DBD04602DA676C000191CCA /* Extension */,
				6DA8F0C12D9BA27500C92B89 /* Manager */,
				6DA8F0C02D9BA26500C92B89 /* ViewModel */,
				6DA8F0BF2D9BA25C00C92B89 /* Model */,
				6DA8F0BE2D9BA25600C92B89 /* View */,
			);
			path = Hotel;
			sourceTree = "<group>";
		};
		6DA8F0BE2D9BA25600C92B89 /* View */ = {
			isa = PBXGroup;
			children = (
				6DA4B2252DA3A4DD006E36AA /* Cell */,
				6DA4B2242DA3A4C1006E36AA /* UIView */,
				6DA8F0C82D9BBBA900C92B89 /* HotelSearchViewController.swift */,
				6DA8F0C92D9BBBA900C92B89 /* HotelSearchViewController.xib */,
				6DA4B2262DA3A522006E36AA /* FilterViewController.swift */,
				6DA4B2272DA3A522006E36AA /* FilterViewController.xib */,
			);
			path = View;
			sourceTree = "<group>";
		};
		6DA8F0BF2D9BA25C00C92B89 /* Model */ = {
			isa = PBXGroup;
			children = (
				6DA8F0C62D9BA33700C92B89 /* HotelList.json */,
				6DA8F0C42D9BA31500C92B89 /* Hotel.swift */,
			);
			path = Model;
			sourceTree = "<group>";
		};
		6DA8F0C02D9BA26500C92B89 /* ViewModel */ = {
			isa = PBXGroup;
			children = (
				6DA8F0CC2D9BBBBD00C92B89 /* HotelSearchViewModel.swift */,
				6DBD045E2DA662D700191CCA /* FilterViewModel.swift */,
				6DC05E262DA7776600335C63 /* TrainViewModel.swift */,
				6DA9B8602DAC9AFC00D19E84 /* SortMenuViewModel.swift */,
			);
			path = ViewModel;
			sourceTree = "<group>";
		};
		6DA8F0C12D9BA27500C92B89 /* Manager */ = {
			isa = PBXGroup;
			children = (
				6DA8F0C22D9BA2C500C92B89 /* HotelAPIManager.swift */,
			);
			path = Manager;
			sourceTree = "<group>";
		};
		6DBD04602DA676C000191CCA /* Extension */ = {
			isa = PBXGroup;
			children = (
				6DCE191D2DA8AC5B00468C64 /* Decimal+.swift */,
			);
			path = Extension;
			sourceTree = "<group>";
		};
		6DFFA5EE2D811ECB006196B6 = {
			isa = PBXGroup;
			children = (
				6D9B0F122D896756006B6307 /* TrainingFeature */,
				6DFFA5F92D811ECB006196B6 /* 8510_Training */,
				6DFFA6102D811ECC006196B6 /* 8510_TrainingTests */,
				6DFFA61A2D811ECC006196B6 /* 8510_TrainingUITests */,
				6DFFA5F82D811ECB006196B6 /* Products */,
			);
			sourceTree = "<group>";
		};
		6DFFA5F82D811ECB006196B6 /* Products */ = {
			isa = PBXGroup;
			children = (
				6DFFA5F72D811ECB006196B6 /* 8510_Training.app */,
				6DFFA60D2D811ECC006196B6 /* 8510_TrainingTests.xctest */,
				6DFFA6172D811ECC006196B6 /* 8510_TrainingUITests.xctest */,
			);
			name = Products;
			sourceTree = "<group>";
		};
/* End PBXGroup section */

/* Begin PBXNativeTarget section */
		6DFFA5F62D811ECB006196B6 /* 8510_Training */ = {
			isa = PBXNativeTarget;
			buildConfigurationList = 6DFFA6202D811ECC006196B6 /* Build configuration list for PBXNativeTarget "8510_Training" */;
			buildPhases = (
				6DFFA5F32D811ECB006196B6 /* Sources */,
				6DFFA5F42D811ECB006196B6 /* Frameworks */,
				6DFFA5F52D811ECB006196B6 /* Resources */,
			);
			buildRules = (
			);
			dependencies = (
			);
			fileSystemSynchronizedGroups = (
				6D2CEE1A2D94000600884A2E /* Booking */,
				6D2CEE3A2D94006100884A2E /* Chat */,
				6D2CEE4B2D94013600884A2E /* Login */,
				6D2CEE582D9401AC00884A2E /* Register */,
				6D2CEE6C2D9401EF00884A2E /* City */,
				6DFFA5F92D811ECB006196B6 /* 8510_Training */,
			);
			name = 8510_Training;
			packageProductDependencies = (
			);
			productName = 5810_Training;
			productReference = 6DFFA5F72D811ECB006196B6 /* 8510_Training.app */;
			productType = "com.apple.product-type.application";
		};
		6DFFA60C2D811ECC006196B6 /* 8510_TrainingTests */ = {
			isa = PBXNativeTarget;
			buildConfigurationList = 6DFFA6252D811ECC006196B6 /* Build configuration list for PBXNativeTarget "8510_TrainingTests" */;
			buildPhases = (
				6DFFA6092D811ECC006196B6 /* Sources */,
				6DFFA60A2D811ECC006196B6 /* Frameworks */,
				6DFFA60B2D811ECC006196B6 /* Resources */,
			);
			buildRules = (
			);
			dependencies = (
				6DFFA60F2D811ECC006196B6 /* PBXTargetDependency */,
			);
			fileSystemSynchronizedGroups = (
				6DFFA6102D811ECC006196B6 /* 8510_TrainingTests */,
			);
			name = 8510_TrainingTests;
			packageProductDependencies = (
			);
			productName = 5810_TrainingTests;
			productReference = 6DFFA60D2D811ECC006196B6 /* 8510_TrainingTests.xctest */;
			productType = "com.apple.product-type.bundle.unit-test";
		};
		6DFFA6162D811ECC006196B6 /* 8510_TrainingUITests */ = {
			isa = PBXNativeTarget;
			buildConfigurationList = 6DFFA6282D811ECC006196B6 /* Build configuration list for PBXNativeTarget "8510_TrainingUITests" */;
			buildPhases = (
				6DFFA6132D811ECC006196B6 /* Sources */,
				6DFFA6142D811ECC006196B6 /* Frameworks */,
				6DFFA6152D811ECC006196B6 /* Resources */,
			);
			buildRules = (
			);
			dependencies = (
				6DFFA6192D811ECC006196B6 /* PBXTargetDependency */,
			);
			fileSystemSynchronizedGroups = (
				6DFFA61A2D811ECC006196B6 /* 8510_TrainingUITests */,
			);
			name = 8510_TrainingUITests;
			packageProductDependencies = (
			);
			productName = 5810_TrainingUITests;
			productReference = 6DFFA6172D811ECC006196B6 /* 8510_TrainingUITests.xctest */;
			productType = "com.apple.product-type.bundle.ui-testing";
		};
/* End PBXNativeTarget section */

/* Begin PBXProject section */
		6DFFA5EF2D811ECB006196B6 /* Project object */ = {
			isa = PBXProject;
			attributes = {
				BuildIndependentTargetsInParallel = 1;
				LastSwiftUpdateCheck = 1620;
				LastUpgradeCheck = 1620;
				TargetAttributes = {
					6DFFA5F62D811ECB006196B6 = {
						CreatedOnToolsVersion = 16.2;
					};
					6DFFA60C2D811ECC006196B6 = {
						CreatedOnToolsVersion = 16.2;
						TestTargetID = 6DFFA5F62D811ECB006196B6;
					};
					6DFFA6162D811ECC006196B6 = {
						CreatedOnToolsVersion = 16.2;
						TestTargetID = 6DFFA5F62D811ECB006196B6;
					};
				};
			};
			buildConfigurationList = 6DFFA5F22D811ECB006196B6 /* Build configuration list for PBXProject "8510_Training" */;
			developmentRegion = en;
			hasScannedForEncodings = 0;
			knownRegions = (
				en,
				Base,
			);
			mainGroup = 6DFFA5EE2D811ECB006196B6;
			minimizedProjectReferenceProxies = 1;
			preferredProjectObjectVersion = 77;
			productRefGroup = 6DFFA5F82D811ECB006196B6 /* Products */;
			projectDirPath = "";
			projectRoot = "";
			targets = (
				6DFFA5F62D811ECB006196B6 /* 8510_Training */,
				6DFFA60C2D811ECC006196B6 /* 8510_TrainingTests */,
				6DFFA6162D811ECC006196B6 /* 8510_TrainingUITests */,
			);
		};
/* End PBXProject section */

/* Begin PBXResourcesBuildPhase section */
		6DFFA5F52D811ECB006196B6 /* Resources */ = {
			isa = PBXResourcesBuildPhase;
			buildActionMask = 2147483647;
			files = (
				6DA8F0D52D9BC72A00C92B89 /* HotView.xib in Resources */,
				6DD7ACA02D9CEF1C00D28A54 /* StarView.xib in Resources */,
				6DEE05FF2DA4C533007BC426 /* DoubleSliderView.xib in Resources */,
				6DA4B4132DA3C549006E36AA /* PriceTableViewCell.xib in Resources */,
				6DD7AC922D9CC35E00D28A54 /* OverAllView.xib in Resources */,
				6DD7AC962D9CCCD200D28A54 /* MemberView.xib in Resources */,
				6DA9B85F2DAC8D1400D19E84 /* SortMenuView.xib in Resources */,
				6DC05E212DA745C900335C63 /* TrainView.xib in Resources */,
				6DC05E242DA766C200335C63 /* SearchResultViewCell.xib in Resources */,
				6DA8F0C72D9BA33700C92B89 /* HotelList.json in Resources */,
				6DA8F0D02D9BC44D00C92B89 /* HotelSearchTableViewCell.xib in Resources */,
				6DA4B4102DA3C532006E36AA /* TrainTableViewCell.xib in Resources */,
				6DCE191A2DA8992B00468C64 /* SelectSortedView.xib in Resources */,
				6DA8F0CA2D9BBBA900C92B89 /* HotelSearchViewController.xib in Resources */,
				6DA4B2282DA3A522006E36AA /* FilterViewController.xib in Resources */,
			);
			runOnlyForDeploymentPostprocessing = 0;
		};
		6DFFA60B2D811ECC006196B6 /* Resources */ = {
			isa = PBXResourcesBuildPhase;
			buildActionMask = 2147483647;
			files = (
			);
			runOnlyForDeploymentPostprocessing = 0;
		};
		6DFFA6152D811ECC006196B6 /* Resources */ = {
			isa = PBXResourcesBuildPhase;
			buildActionMask = 2147483647;
			files = (
			);
			runOnlyForDeploymentPostprocessing = 0;
		};
/* End PBXResourcesBuildPhase section */

/* Begin PBXSourcesBuildPhase section */
		6DFFA5F32D811ECB006196B6 /* Sources */ = {
			isa = PBXSourcesBuildPhase;
			buildActionMask = 2147483647;
			files = (
				6DA9B85D2DAC8D0600D19E84 /* SortMenuView.swift in Sources */,
				6DA9B8612DAC9AFC00D19E84 /* SortMenuViewModel.swift in Sources */,
				6DD7AC9E2D9CECE500D28A54 /* StarView.swift in Sources */,
				6DA8F0C32D9BA2C500C92B89 /* HotelAPIManager.swift in Sources */,
				6DA8F0D12D9BC44D00C92B89 /* HotelSearchTableViewCell.swift in Sources */,
				6DA8F0C52D9BA31500C92B89 /* Hotel.swift in Sources */,
				6DA8F0CB2D9BBBA900C92B89 /* HotelSearchViewController.swift in Sources */,
				6DC05E272DA7776600335C63 /* TrainViewModel.swift in Sources */,
				6DA8F0CD2D9BBBBD00C92B89 /* HotelSearchViewModel.swift in Sources */,
				6DCE191E2DA8AC5B00468C64 /* Decimal+.swift in Sources */,
				6DEE05FD2DA4C524007BC426 /* DoubleSliderView.swift in Sources */,
				6DA4B40F2DA3C532006E36AA /* TrainTableViewCell.swift in Sources */,
				6DA4B4142DA3C549006E36AA /* PriceTableViewCell.swift in Sources */,
				6DBD045F2DA662D700191CCA /* FilterViewModel.swift in Sources */,
				6DA4B2292DA3A522006E36AA /* FilterViewController.swift in Sources */,
				6DD7AC902D9CC27700D28A54 /* OverAllView.swift in Sources */,
				6DA8F0D32D9BC71D00C92B89 /* HotView.swift in Sources */,
				6DC05E252DA766C200335C63 /* SearchResultViewCell.swift in Sources */,
				6DC05E1F2DA745BC00335C63 /* TrainView.swift in Sources */,
				6DD7AC942D9CCCBB00D28A54 /* MemberView.swift in Sources */,
				6DCE19182DA8991F00468C64 /* SelectSortedView.swift in Sources */,
			);
			runOnlyForDeploymentPostprocessing = 0;
		};
		6DFFA6092D811ECC006196B6 /* Sources */ = {
			isa = PBXSourcesBuildPhase;
			buildActionMask = 2147483647;
			files = (
			);
			runOnlyForDeploymentPostprocessing = 0;
		};
		6DFFA6132D811ECC006196B6 /* Sources */ = {
			isa = PBXSourcesBuildPhase;
			buildActionMask = 2147483647;
			files = (
			);
			runOnlyForDeploymentPostprocessing = 0;
		};
/* End PBXSourcesBuildPhase section */

/* Begin PBXTargetDependency section */
		6DFFA60F2D811ECC006196B6 /* PBXTargetDependency */ = {
			isa = PBXTargetDependency;
			target = 6DFFA5F62D811ECB006196B6 /* 8510_Training */;
			targetProxy = 6DFFA60E2D811ECC006196B6 /* PBXContainerItemProxy */;
		};
		6DFFA6192D811ECC006196B6 /* PBXTargetDependency */ = {
			isa = PBXTargetDependency;
			target = 6DFFA5F62D811ECB006196B6 /* 8510_Training */;
			targetProxy = 6DFFA6182D811ECC006196B6 /* PBXContainerItemProxy */;
		};
/* End PBXTargetDependency section */

/* Begin XCBuildConfiguration section */
		6DFFA6212D811ECC006196B6 /* Debug */ = {
			isa = XCBuildConfiguration;
			buildSettings = {
				ASSETCATALOG_COMPILER_APPICON_NAME = AppIcon;
				ASSETCATALOG_COMPILER_GLOBAL_ACCENT_COLOR_NAME = AccentColor;
				CODE_SIGN_STYLE = Automatic;
				CURRENT_PROJECT_VERSION = 1;
				GENERATE_INFOPLIST_FILE = YES;
				INFOPLIST_FILE = 8510_Training/Info.plist;
				INFOPLIST_KEY_UIApplicationSupportsIndirectInputEvents = YES;
				INFOPLIST_KEY_UILaunchStoryboardName = LaunchScreen;
				INFOPLIST_KEY_UISupportedInterfaceOrientations_iPad = "UIInterfaceOrientationPortrait UIInterfaceOrientationPortraitUpsideDown UIInterfaceOrientationLandscapeLeft UIInterfaceOrientationLandscapeRight";
				INFOPLIST_KEY_UISupportedInterfaceOrientations_iPhone = "UIInterfaceOrientationPortrait UIInterfaceOrientationLandscapeLeft UIInterfaceOrientationLandscapeRight";
				LD_RUNPATH_SEARCH_PATHS = (
					"$(inherited)",
					"@executable_path/Frameworks",
				);
				MARKETING_VERSION = 1.0;
				PRODUCT_BUNDLE_IDENTIFIER = "Yao.-810-Training";
				PRODUCT_NAME = "$(TARGET_NAME)";
				SWIFT_EMIT_LOC_STRINGS = YES;
				SWIFT_VERSION = 5.0;
				TARGETED_DEVICE_FAMILY = "1,2";
			};
			name = Debug;
		};
		6DFFA6222D811ECC006196B6 /* Release */ = {
			isa = XCBuildConfiguration;
			buildSettings = {
				ASSETCATALOG_COMPILER_APPICON_NAME = AppIcon;
				ASSETCATALOG_COMPILER_GLOBAL_ACCENT_COLOR_NAME = AccentColor;
				CODE_SIGN_STYLE = Automatic;
				CURRENT_PROJECT_VERSION = 1;
				GENERATE_INFOPLIST_FILE = YES;
				INFOPLIST_FILE = 8510_Training/Info.plist;
				INFOPLIST_KEY_UIApplicationSupportsIndirectInputEvents = YES;
				INFOPLIST_KEY_UILaunchStoryboardName = LaunchScreen;
				INFOPLIST_KEY_UISupportedInterfaceOrientations_iPad = "UIInterfaceOrientationPortrait UIInterfaceOrientationPortraitUpsideDown UIInterfaceOrientationLandscapeLeft UIInterfaceOrientationLandscapeRight";
				INFOPLIST_KEY_UISupportedInterfaceOrientations_iPhone = "UIInterfaceOrientationPortrait UIInterfaceOrientationLandscapeLeft UIInterfaceOrientationLandscapeRight";
				LD_RUNPATH_SEARCH_PATHS = (
					"$(inherited)",
					"@executable_path/Frameworks",
				);
				MARKETING_VERSION = 1.0;
				PRODUCT_BUNDLE_IDENTIFIER = "Yao.-810-Training";
				PRODUCT_NAME = "$(TARGET_NAME)";
				SWIFT_EMIT_LOC_STRINGS = YES;
				SWIFT_VERSION = 5.0;
				TARGETED_DEVICE_FAMILY = "1,2";
			};
			name = Release;
		};
		6DFFA6232D811ECC006196B6 /* Debug */ = {
			isa = XCBuildConfiguration;
			buildSettings = {
				ALWAYS_SEARCH_USER_PATHS = NO;
				ASSETCATALOG_COMPILER_GENERATE_SWIFT_ASSET_SYMBOL_EXTENSIONS = YES;
				CLANG_ANALYZER_NONNULL = YES;
				CLANG_ANALYZER_NUMBER_OBJECT_CONVERSION = YES_AGGRESSIVE;
				CLANG_CXX_LANGUAGE_STANDARD = "gnu++20";
				CLANG_ENABLE_MODULES = YES;
				CLANG_ENABLE_OBJC_ARC = YES;
				CLANG_ENABLE_OBJC_WEAK = YES;
				CLANG_WARN_BLOCK_CAPTURE_AUTORELEASING = YES;
				CLANG_WARN_BOOL_CONVERSION = YES;
				CLANG_WARN_COMMA = YES;
				CLANG_WARN_CONSTANT_CONVERSION = YES;
				CLANG_WARN_DEPRECATED_OBJC_IMPLEMENTATIONS = YES;
				CLANG_WARN_DIRECT_OBJC_ISA_USAGE = YES_ERROR;
				CLANG_WARN_DOCUMENTATION_COMMENTS = YES;
				CLANG_WARN_EMPTY_BODY = YES;
				CLANG_WARN_ENUM_CONVERSION = YES;
				CLANG_WARN_INFINITE_RECURSION = YES;
				CLANG_WARN_INT_CONVERSION = YES;
				CLANG_WARN_NON_LITERAL_NULL_CONVERSION = YES;
				CLANG_WARN_OBJC_IMPLICIT_RETAIN_SELF = YES;
				CLANG_WARN_OBJC_LITERAL_CONVERSION = YES;
				CLANG_WARN_OBJC_ROOT_CLASS = YES_ERROR;
				CLANG_WARN_QUOTED_INCLUDE_IN_FRAMEWORK_HEADER = YES;
				CLANG_WARN_RANGE_LOOP_ANALYSIS = YES;
				CLANG_WARN_STRICT_PROTOTYPES = YES;
				CLANG_WARN_SUSPICIOUS_MOVE = YES;
				CLANG_WARN_UNGUARDED_AVAILABILITY = YES_AGGRESSIVE;
				CLANG_WARN_UNREACHABLE_CODE = YES;
				CLANG_WARN__DUPLICATE_METHOD_MATCH = YES;
				COPY_PHASE_STRIP = NO;
				DEBUG_INFORMATION_FORMAT = dwarf;
				ENABLE_STRICT_OBJC_MSGSEND = YES;
				ENABLE_TESTABILITY = YES;
				ENABLE_USER_SCRIPT_SANDBOXING = YES;
				GCC_C_LANGUAGE_STANDARD = gnu17;
				GCC_DYNAMIC_NO_PIC = NO;
				GCC_NO_COMMON_BLOCKS = YES;
				GCC_OPTIMIZATION_LEVEL = 0;
				GCC_PREPROCESSOR_DEFINITIONS = (
					"DEBUG=1",
					"$(inherited)",
				);
				GCC_WARN_64_TO_32_BIT_CONVERSION = YES;
				GCC_WARN_ABOUT_RETURN_TYPE = YES_ERROR;
				GCC_WARN_UNDECLARED_SELECTOR = YES;
				GCC_WARN_UNINITIALIZED_AUTOS = YES_AGGRESSIVE;
				GCC_WARN_UNUSED_FUNCTION = YES;
				GCC_WARN_UNUSED_VARIABLE = YES;
				IPHONEOS_DEPLOYMENT_TARGET = 18.2;
				LOCALIZATION_PREFERS_STRING_CATALOGS = YES;
				MTL_ENABLE_DEBUG_INFO = INCLUDE_SOURCE;
				MTL_FAST_MATH = YES;
				ONLY_ACTIVE_ARCH = YES;
				SDKROOT = iphoneos;
				SWIFT_ACTIVE_COMPILATION_CONDITIONS = "DEBUG $(inherited)";
				SWIFT_OPTIMIZATION_LEVEL = "-Onone";
			};
			name = Debug;
		};
		6DFFA6242D811ECC006196B6 /* Release */ = {
			isa = XCBuildConfiguration;
			buildSettings = {
				ALWAYS_SEARCH_USER_PATHS = NO;
				ASSETCATALOG_COMPILER_GENERATE_SWIFT_ASSET_SYMBOL_EXTENSIONS = YES;
				CLANG_ANALYZER_NONNULL = YES;
				CLANG_ANALYZER_NUMBER_OBJECT_CONVERSION = YES_AGGRESSIVE;
				CLANG_CXX_LANGUAGE_STANDARD = "gnu++20";
				CLANG_ENABLE_MODULES = YES;
				CLANG_ENABLE_OBJC_ARC = YES;
				CLANG_ENABLE_OBJC_WEAK = YES;
				CLANG_WARN_BLOCK_CAPTURE_AUTORELEASING = YES;
				CLANG_WARN_BOOL_CONVERSION = YES;
				CLANG_WARN_COMMA = YES;
				CLANG_WARN_CONSTANT_CONVERSION = YES;
				CLANG_WARN_DEPRECATED_OBJC_IMPLEMENTATIONS = YES;
				CLANG_WARN_DIRECT_OBJC_ISA_USAGE = YES_ERROR;
				CLANG_WARN_DOCUMENTATION_COMMENTS = YES;
				CLANG_WARN_EMPTY_BODY = YES;
				CLANG_WARN_ENUM_CONVERSION = YES;
				CLANG_WARN_INFINITE_RECURSION = YES;
				CLANG_WARN_INT_CONVERSION = YES;
				CLANG_WARN_NON_LITERAL_NULL_CONVERSION = YES;
				CLANG_WARN_OBJC_IMPLICIT_RETAIN_SELF = YES;
				CLANG_WARN_OBJC_LITERAL_CONVERSION = YES;
				CLANG_WARN_OBJC_ROOT_CLASS = YES_ERROR;
				CLANG_WARN_QUOTED_INCLUDE_IN_FRAMEWORK_HEADER = YES;
				CLANG_WARN_RANGE_LOOP_ANALYSIS = YES;
				CLANG_WARN_STRICT_PROTOTYPES = YES;
				CLANG_WARN_SUSPICIOUS_MOVE = YES;
				CLANG_WARN_UNGUARDED_AVAILABILITY = YES_AGGRESSIVE;
				CLANG_WARN_UNREACHABLE_CODE = YES;
				CLANG_WARN__DUPLICATE_METHOD_MATCH = YES;
				COPY_PHASE_STRIP = NO;
				DEBUG_INFORMATION_FORMAT = "dwarf-with-dsym";
				ENABLE_NS_ASSERTIONS = NO;
				ENABLE_STRICT_OBJC_MSGSEND = YES;
				ENABLE_USER_SCRIPT_SANDBOXING = YES;
				GCC_C_LANGUAGE_STANDARD = gnu17;
				GCC_NO_COMMON_BLOCKS = YES;
				GCC_WARN_64_TO_32_BIT_CONVERSION = YES;
				GCC_WARN_ABOUT_RETURN_TYPE = YES_ERROR;
				GCC_WARN_UNDECLARED_SELECTOR = YES;
				GCC_WARN_UNINITIALIZED_AUTOS = YES_AGGRESSIVE;
				GCC_WARN_UNUSED_FUNCTION = YES;
				GCC_WARN_UNUSED_VARIABLE = YES;
				IPHONEOS_DEPLOYMENT_TARGET = 18.2;
				LOCALIZATION_PREFERS_STRING_CATALOGS = YES;
				MTL_ENABLE_DEBUG_INFO = NO;
				MTL_FAST_MATH = YES;
				SDKROOT = iphoneos;
				SWIFT_COMPILATION_MODE = wholemodule;
				VALIDATE_PRODUCT = YES;
			};
			name = Release;
		};
		6DFFA6262D811ECC006196B6 /* Debug */ = {
			isa = XCBuildConfiguration;
			buildSettings = {
				BUNDLE_LOADER = "$(TEST_HOST)";
				CODE_SIGN_STYLE = Automatic;
				CURRENT_PROJECT_VERSION = 1;
				GENERATE_INFOPLIST_FILE = YES;
				IPHONEOS_DEPLOYMENT_TARGET = 18.2;
				MARKETING_VERSION = 1.0;
				PRODUCT_BUNDLE_IDENTIFIER = "Yao.-810-TrainingTests";
				PRODUCT_NAME = "$(TARGET_NAME)";
				SWIFT_EMIT_LOC_STRINGS = NO;
				SWIFT_VERSION = 5.0;
				TARGETED_DEVICE_FAMILY = "1,2";
				TEST_HOST = "$(BUILT_PRODUCTS_DIR)/8510_Training.app/$(BUNDLE_EXECUTABLE_FOLDER_PATH)/8510_Training";
			};
			name = Debug;
		};
		6DFFA6272D811ECC006196B6 /* Release */ = {
			isa = XCBuildConfiguration;
			buildSettings = {
				BUNDLE_LOADER = "$(TEST_HOST)";
				CODE_SIGN_STYLE = Automatic;
				CURRENT_PROJECT_VERSION = 1;
				GENERATE_INFOPLIST_FILE = YES;
				IPHONEOS_DEPLOYMENT_TARGET = 18.2;
				MARKETING_VERSION = 1.0;
				PRODUCT_BUNDLE_IDENTIFIER = "Yao.-810-TrainingTests";
				PRODUCT_NAME = "$(TARGET_NAME)";
				SWIFT_EMIT_LOC_STRINGS = NO;
				SWIFT_VERSION = 5.0;
				TARGETED_DEVICE_FAMILY = "1,2";
				TEST_HOST = "$(BUILT_PRODUCTS_DIR)/8510_Training.app/$(BUNDLE_EXECUTABLE_FOLDER_PATH)/8510_Training";
			};
			name = Release;
		};
		6DFFA6292D811ECC006196B6 /* Debug */ = {
			isa = XCBuildConfiguration;
			buildSettings = {
				CODE_SIGN_STYLE = Automatic;
				CURRENT_PROJECT_VERSION = 1;
				GENERATE_INFOPLIST_FILE = YES;
				MARKETING_VERSION = 1.0;
				PRODUCT_BUNDLE_IDENTIFIER = "Yao.-810-TrainingUITests";
				PRODUCT_NAME = "$(TARGET_NAME)";
				SWIFT_EMIT_LOC_STRINGS = NO;
				SWIFT_VERSION = 5.0;
				TARGETED_DEVICE_FAMILY = "1,2";
				TEST_TARGET_NAME = 5810_Training;
			};
			name = Debug;
		};
		6DFFA62A2D811ECC006196B6 /* Release */ = {
			isa = XCBuildConfiguration;
			buildSettings = {
				CODE_SIGN_STYLE = Automatic;
				CURRENT_PROJECT_VERSION = 1;
				GENERATE_INFOPLIST_FILE = YES;
				MARKETING_VERSION = 1.0;
				PRODUCT_BUNDLE_IDENTIFIER = "Yao.-810-TrainingUITests";
				PRODUCT_NAME = "$(TARGET_NAME)";
				SWIFT_EMIT_LOC_STRINGS = NO;
				SWIFT_VERSION = 5.0;
				TARGETED_DEVICE_FAMILY = "1,2";
				TEST_TARGET_NAME = 5810_Training;
			};
			name = Release;
		};
/* End XCBuildConfiguration section */

/* Begin XCConfigurationList section */
		6DFFA5F22D811ECB006196B6 /* Build configuration list for PBXProject "8510_Training" */ = {
			isa = XCConfigurationList;
			buildConfigurations = (
				6DFFA6232D811ECC006196B6 /* Debug */,
				6DFFA6242D811ECC006196B6 /* Release */,
			);
			defaultConfigurationIsVisible = 0;
			defaultConfigurationName = Release;
		};
		6DFFA6202D811ECC006196B6 /* Build configuration list for PBXNativeTarget "8510_Training" */ = {
			isa = XCConfigurationList;
			buildConfigurations = (
				6DFFA6212D811ECC006196B6 /* Debug */,
				6DFFA6222D811ECC006196B6 /* Release */,
			);
			defaultConfigurationIsVisible = 0;
			defaultConfigurationName = Release;
		};
		6DFFA6252D811ECC006196B6 /* Build configuration list for PBXNativeTarget "8510_TrainingTests" */ = {
			isa = XCConfigurationList;
			buildConfigurations = (
				6DFFA6262D811ECC006196B6 /* Debug */,
				6DFFA6272D811ECC006196B6 /* Release */,
			);
			defaultConfigurationIsVisible = 0;
			defaultConfigurationName = Release;
		};
		6DFFA6282D811ECC006196B6 /* Build configuration list for PBXNativeTarget "8510_TrainingUITests" */ = {
			isa = XCConfigurationList;
			buildConfigurations = (
				6DFFA6292D811ECC006196B6 /* Debug */,
				6DFFA62A2D811ECC006196B6 /* Release */,
			);
			defaultConfigurationIsVisible = 0;
			defaultConfigurationName = Release;
		};
/* End XCConfigurationList section */
	};
	rootObject = 6DFFA5EF2D811ECB006196B6 /* Project object */;
}
